// !$*UTF8*$!
{
	archiveVersion = 1;
	classes = {
	};
	objectVersion = 55;
	objects = {

/* Begin PBXBuildFile section */
		63AABF2B273EF2C4000789E0 /* MovieDBApp.swift in Sources */ = {isa = PBXBuildFile; fileRef = 63AABF2A273EF2C4000789E0 /* MovieDBApp.swift */; };
		63AABF2D273EF2C4000789E0 /* ContentView.swift in Sources */ = {isa = PBXBuildFile; fileRef = 63AABF2C273EF2C4000789E0 /* ContentView.swift */; };
		63AABF2F273EF2C5000789E0 /* Assets.xcassets in Resources */ = {isa = PBXBuildFile; fileRef = 63AABF2E273EF2C5000789E0 /* Assets.xcassets */; };
		63AABF32273EF2C5000789E0 /* Preview Assets.xcassets in Resources */ = {isa = PBXBuildFile; fileRef = 63AABF31273EF2C5000789E0 /* Preview Assets.xcassets */; };
		63AABF34273EF2C5000789E0 /* Persistence.swift in Sources */ = {isa = PBXBuildFile; fileRef = 63AABF33273EF2C5000789E0 /* Persistence.swift */; };
		63AABF37273EF2C5000789E0 /* MovieDB.xcdatamodeld in Sources */ = {isa = PBXBuildFile; fileRef = 63AABF35273EF2C5000789E0 /* MovieDB.xcdatamodeld */; };
		63AABF41273EF2C6000789E0 /* MovieDBTests.swift in Sources */ = {isa = PBXBuildFile; fileRef = 63AABF40273EF2C6000789E0 /* MovieDBTests.swift */; };
		63AABF4B273EF2C6000789E0 /* MovieDBUITests.swift in Sources */ = {isa = PBXBuildFile; fileRef = 63AABF4A273EF2C6000789E0 /* MovieDBUITests.swift */; };
		63AABF4D273EF2C6000789E0 /* MovieDBUITestsLaunchTests.swift in Sources */ = {isa = PBXBuildFile; fileRef = 63AABF4C273EF2C6000789E0 /* MovieDBUITestsLaunchTests.swift */; };
		63AABF5D273EF59B000789E0 /* viewModel.swift in Sources */ = {isa = PBXBuildFile; fileRef = 63AABF5C273EF59B000789E0 /* viewModel.swift */; };
		63AABF5F273EFA90000789E0 /* model.swift in Sources */ = {isa = PBXBuildFile; fileRef = 63AABF5E273EFA90000789E0 /* model.swift */; };
		63AABF61273F0439000789E0 /* HomeView.swift in Sources */ = {isa = PBXBuildFile; fileRef = 63AABF60273F0438000789E0 /* HomeView.swift */; };
		63AABF63273F075A000789E0 /* MovieItem.swift in Sources */ = {isa = PBXBuildFile; fileRef = 63AABF62273F075A000789E0 /* MovieItem.swift */; };
		63AABF66273F0A19000789E0 /* SDWebImageSwiftUI in Frameworks */ = {isa = PBXBuildFile; productRef = 63AABF65273F0A19000789E0 /* SDWebImageSwiftUI */; };
		63AABF68273F1353000789E0 /* MoviewRow.swift in Sources */ = {isa = PBXBuildFile; fileRef = 63AABF67273F1353000789E0 /* MoviewRow.swift */; };
		63C8C2972740B1C7009BC9A0 /* ListMovie.swift in Sources */ = {isa = PBXBuildFile; fileRef = 63C8C2962740B1C7009BC9A0 /* ListMovie.swift */; };
		63C8C2992740B857009BC9A0 /* ListItemMovie.swift in Sources */ = {isa = PBXBuildFile; fileRef = 63C8C2982740B857009BC9A0 /* ListItemMovie.swift */; };
		63C8C29D27415297009BC9A0 /* MovieDetail.swift in Sources */ = {isa = PBXBuildFile; fileRef = 63C8C29C27415297009BC9A0 /* MovieDetail.swift */; };
/* End PBXBuildFile section */

/* Begin PBXContainerItemProxy section */
		63AABF3D273EF2C6000789E0 /* PBXContainerItemProxy */ = {
			isa = PBXContainerItemProxy;
			containerPortal = 63AABF1F273EF2C3000789E0 /* Project object */;
			proxyType = 1;
			remoteGlobalIDString = 63AABF26273EF2C4000789E0;
			remoteInfo = MovieDB;
		};
		63AABF47273EF2C6000789E0 /* PBXContainerItemProxy */ = {
			isa = PBXContainerItemProxy;
			containerPortal = 63AABF1F273EF2C3000789E0 /* Project object */;
			proxyType = 1;
			remoteGlobalIDString = 63AABF26273EF2C4000789E0;
			remoteInfo = MovieDB;
		};
/* End PBXContainerItemProxy section */

/* Begin PBXFileReference section */
		63AABF27273EF2C4000789E0 /* MovieDB.app */ = {isa = PBXFileReference; explicitFileType = wrapper.application; includeInIndex = 0; path = MovieDB.app; sourceTree = BUILT_PRODUCTS_DIR; };
		63AABF2A273EF2C4000789E0 /* MovieDBApp.swift */ = {isa = PBXFileReference; lastKnownFileType = sourcecode.swift; path = MovieDBApp.swift; sourceTree = "<group>"; };
		63AABF2C273EF2C4000789E0 /* ContentView.swift */ = {isa = PBXFileReference; lastKnownFileType = sourcecode.swift; path = ContentView.swift; sourceTree = "<group>"; };
		63AABF2E273EF2C5000789E0 /* Assets.xcassets */ = {isa = PBXFileReference; lastKnownFileType = folder.assetcatalog; path = Assets.xcassets; sourceTree = "<group>"; };
		63AABF31273EF2C5000789E0 /* Preview Assets.xcassets */ = {isa = PBXFileReference; lastKnownFileType = folder.assetcatalog; path = "Preview Assets.xcassets"; sourceTree = "<group>"; };
		63AABF33273EF2C5000789E0 /* Persistence.swift */ = {isa = PBXFileReference; lastKnownFileType = sourcecode.swift; path = Persistence.swift; sourceTree = "<group>"; };
		63AABF36273EF2C5000789E0 /* MovieDB.xcdatamodel */ = {isa = PBXFileReference; lastKnownFileType = wrapper.xcdatamodel; path = MovieDB.xcdatamodel; sourceTree = "<group>"; };
		63AABF3C273EF2C6000789E0 /* MovieDBTests.xctest */ = {isa = PBXFileReference; explicitFileType = wrapper.cfbundle; includeInIndex = 0; path = MovieDBTests.xctest; sourceTree = BUILT_PRODUCTS_DIR; };
		63AABF40273EF2C6000789E0 /* MovieDBTests.swift */ = {isa = PBXFileReference; lastKnownFileType = sourcecode.swift; path = MovieDBTests.swift; sourceTree = "<group>"; };
		63AABF46273EF2C6000789E0 /* MovieDBUITests.xctest */ = {isa = PBXFileReference; explicitFileType = wrapper.cfbundle; includeInIndex = 0; path = MovieDBUITests.xctest; sourceTree = BUILT_PRODUCTS_DIR; };
		63AABF4A273EF2C6000789E0 /* MovieDBUITests.swift */ = {isa = PBXFileReference; lastKnownFileType = sourcecode.swift; path = MovieDBUITests.swift; sourceTree = "<group>"; };
		63AABF4C273EF2C6000789E0 /* MovieDBUITestsLaunchTests.swift */ = {isa = PBXFileReference; lastKnownFileType = sourcecode.swift; path = MovieDBUITestsLaunchTests.swift; sourceTree = "<group>"; };
		63AABF5C273EF59B000789E0 /* viewModel.swift */ = {isa = PBXFileReference; lastKnownFileType = sourcecode.swift; path = viewModel.swift; sourceTree = "<group>"; };
		63AABF5E273EFA90000789E0 /* model.swift */ = {isa = PBXFileReference; lastKnownFileType = sourcecode.swift; path = model.swift; sourceTree = "<group>"; };
		63AABF60273F0438000789E0 /* HomeView.swift */ = {isa = PBXFileReference; lastKnownFileType = sourcecode.swift; path = HomeView.swift; sourceTree = "<group>"; };
		63AABF62273F075A000789E0 /* MovieItem.swift */ = {isa = PBXFileReference; lastKnownFileType = sourcecode.swift; path = MovieItem.swift; sourceTree = "<group>"; };
		63AABF67273F1353000789E0 /* MoviewRow.swift */ = {isa = PBXFileReference; lastKnownFileType = sourcecode.swift; path = MoviewRow.swift; sourceTree = "<group>"; };
		63C8C2962740B1C7009BC9A0 /* ListMovie.swift */ = {isa = PBXFileReference; lastKnownFileType = sourcecode.swift; path = ListMovie.swift; sourceTree = "<group>"; };
		63C8C2982740B857009BC9A0 /* ListItemMovie.swift */ = {isa = PBXFileReference; lastKnownFileType = sourcecode.swift; path = ListItemMovie.swift; sourceTree = "<group>"; };
		63C8C29C27415297009BC9A0 /* MovieDetail.swift */ = {isa = PBXFileReference; lastKnownFileType = sourcecode.swift; path = MovieDetail.swift; sourceTree = "<group>"; };
/* End PBXFileReference section */

/* Begin PBXFrameworksBuildPhase section */
		63AABF24273EF2C4000789E0 /* Frameworks */ = {
			isa = PBXFrameworksBuildPhase;
			buildActionMask = 2147483647;
			files = (
				63AABF66273F0A19000789E0 /* SDWebImageSwiftUI in Frameworks */,
			);
			runOnlyForDeploymentPostprocessing = 0;
		};
		63AABF39273EF2C6000789E0 /* Frameworks */ = {
			isa = PBXFrameworksBuildPhase;
			buildActionMask = 2147483647;
			files = (
			);
			runOnlyForDeploymentPostprocessing = 0;
		};
		63AABF43273EF2C6000789E0 /* Frameworks */ = {
			isa = PBXFrameworksBuildPhase;
			buildActionMask = 2147483647;
			files = (
			);
			runOnlyForDeploymentPostprocessing = 0;
		};
/* End PBXFrameworksBuildPhase section */

/* Begin PBXGroup section */
		63AABF1E273EF2C3000789E0 = {
			isa = PBXGroup;
			children = (
				63AABF29273EF2C4000789E0 /* MovieDB */,
				63AABF3F273EF2C6000789E0 /* MovieDBTests */,
				63AABF49273EF2C6000789E0 /* MovieDBUITests */,
				63AABF28273EF2C4000789E0 /* Products */,
			);
			sourceTree = "<group>";
		};
		63AABF28273EF2C4000789E0 /* Products */ = {
			isa = PBXGroup;
			children = (
				63AABF27273EF2C4000789E0 /* MovieDB.app */,
				63AABF3C273EF2C6000789E0 /* MovieDBTests.xctest */,
				63AABF46273EF2C6000789E0 /* MovieDBUITests.xctest */,
			);
			name = Products;
			sourceTree = "<group>";
		};
		63AABF29273EF2C4000789E0 /* MovieDB */ = {
			isa = PBXGroup;
			children = (
				63AABF5B273EF329000789E0 /* ViewModel */,
				63AABF5A273EF318000789E0 /* View */,
				63AABF59273EF310000789E0 /* Model */,
				63AABF2A273EF2C4000789E0 /* MovieDBApp.swift */,
				63AABF2C273EF2C4000789E0 /* ContentView.swift */,
				63AABF2E273EF2C5000789E0 /* Assets.xcassets */,
				63AABF33273EF2C5000789E0 /* Persistence.swift */,
				63AABF35273EF2C5000789E0 /* MovieDB.xcdatamodeld */,
				63AABF30273EF2C5000789E0 /* Preview Content */,
			);
			path = MovieDB;
			sourceTree = "<group>";
		};
		63AABF30273EF2C5000789E0 /* Preview Content */ = {
			isa = PBXGroup;
			children = (
				63AABF31273EF2C5000789E0 /* Preview Assets.xcassets */,
			);
			path = "Preview Content";
			sourceTree = "<group>";
		};
		63AABF3F273EF2C6000789E0 /* MovieDBTests */ = {
			isa = PBXGroup;
			children = (
				63AABF40273EF2C6000789E0 /* MovieDBTests.swift */,
			);
			path = MovieDBTests;
			sourceTree = "<group>";
		};
		63AABF49273EF2C6000789E0 /* MovieDBUITests */ = {
			isa = PBXGroup;
			children = (
				63AABF4A273EF2C6000789E0 /* MovieDBUITests.swift */,
				63AABF4C273EF2C6000789E0 /* MovieDBUITestsLaunchTests.swift */,
			);
			path = MovieDBUITests;
			sourceTree = "<group>";
		};
		63AABF59273EF310000789E0 /* Model */ = {
			isa = PBXGroup;
			children = (
				63AABF5E273EFA90000789E0 /* model.swift */,
			);
			path = Model;
			sourceTree = "<group>";
		};
		63AABF5A273EF318000789E0 /* View */ = {
			isa = PBXGroup;
			children = (
				63C8C29B2740BF26009BC9A0 /* New Group */,
				63C8C29A2740BF17009BC9A0 /* List */,
				63AABF60273F0438000789E0 /* HomeView.swift */,
				63AABF62273F075A000789E0 /* MovieItem.swift */,
				63AABF67273F1353000789E0 /* MoviewRow.swift */,
				63C8C29C27415297009BC9A0 /* MovieDetail.swift */,
			);
			path = View;
			sourceTree = "<group>";
		};
		63AABF5B273EF329000789E0 /* ViewModel */ = {
			isa = PBXGroup;
			children = (
				63AABF5C273EF59B000789E0 /* viewModel.swift */,
			);
			path = ViewModel;
			sourceTree = "<group>";
		};
		63C8C29A2740BF17009BC9A0 /* List */ = {
			isa = PBXGroup;
			children = (
				63C8C2962740B1C7009BC9A0 /* ListMovie.swift */,
				63C8C2982740B857009BC9A0 /* ListItemMovie.swift */,
			);
			path = List;
			sourceTree = "<group>";
		};
		63C8C29B2740BF26009BC9A0 /* New Group */ = {
			isa = PBXGroup;
			children = (
			);
			path = "New Group";
			sourceTree = "<group>";
		};
/* End PBXGroup section */

/* Begin PBXNativeTarget section */
		63AABF26273EF2C4000789E0 /* MovieDB */ = {
			isa = PBXNativeTarget;
			buildConfigurationList = 63AABF50273EF2C6000789E0 /* Build configuration list for PBXNativeTarget "MovieDB" */;
			buildPhases = (
				63AABF23273EF2C4000789E0 /* Sources */,
				63AABF24273EF2C4000789E0 /* Frameworks */,
				63AABF25273EF2C4000789E0 /* Resources */,
			);
			buildRules = (
			);
			dependencies = (
			);
			name = MovieDB;
			packageProductDependencies = (
				63AABF65273F0A19000789E0 /* SDWebImageSwiftUI */,
			);
			productName = MovieDB;
			productReference = 63AABF27273EF2C4000789E0 /* MovieDB.app */;
			productType = "com.apple.product-type.application";
		};
		63AABF3B273EF2C6000789E0 /* MovieDBTests */ = {
			isa = PBXNativeTarget;
			buildConfigurationList = 63AABF53273EF2C6000789E0 /* Build configuration list for PBXNativeTarget "MovieDBTests" */;
			buildPhases = (
				63AABF38273EF2C6000789E0 /* Sources */,
				63AABF39273EF2C6000789E0 /* Frameworks */,
				63AABF3A273EF2C6000789E0 /* Resources */,
			);
			buildRules = (
			);
			dependencies = (
				63AABF3E273EF2C6000789E0 /* PBXTargetDependency */,
			);
			name = MovieDBTests;
			productName = MovieDBTests;
			productReference = 63AABF3C273EF2C6000789E0 /* MovieDBTests.xctest */;
			productType = "com.apple.product-type.bundle.unit-test";
		};
		63AABF45273EF2C6000789E0 /* MovieDBUITests */ = {
			isa = PBXNativeTarget;
			buildConfigurationList = 63AABF56273EF2C6000789E0 /* Build configuration list for PBXNativeTarget "MovieDBUITests" */;
			buildPhases = (
				63AABF42273EF2C6000789E0 /* Sources */,
				63AABF43273EF2C6000789E0 /* Frameworks */,
				63AABF44273EF2C6000789E0 /* Resources */,
			);
			buildRules = (
			);
			dependencies = (
				63AABF48273EF2C6000789E0 /* PBXTargetDependency */,
			);
			name = MovieDBUITests;
			productName = MovieDBUITests;
			productReference = 63AABF46273EF2C6000789E0 /* MovieDBUITests.xctest */;
			productType = "com.apple.product-type.bundle.ui-testing";
		};
/* End PBXNativeTarget section */

/* Begin PBXProject section */
		63AABF1F273EF2C3000789E0 /* Project object */ = {
			isa = PBXProject;
			attributes = {
				BuildIndependentTargetsInParallel = 1;
				LastSwiftUpdateCheck = 1310;
				LastUpgradeCheck = 1310;
				TargetAttributes = {
					63AABF26273EF2C4000789E0 = {
						CreatedOnToolsVersion = 13.1;
					};
					63AABF3B273EF2C6000789E0 = {
						CreatedOnToolsVersion = 13.1;
						TestTargetID = 63AABF26273EF2C4000789E0;
					};
					63AABF45273EF2C6000789E0 = {
						CreatedOnToolsVersion = 13.1;
						TestTargetID = 63AABF26273EF2C4000789E0;
					};
				};
			};
			buildConfigurationList = 63AABF22273EF2C3000789E0 /* Build configuration list for PBXProject "MovieDB" */;
			compatibilityVersion = "Xcode 13.0";
			developmentRegion = en;
			hasScannedForEncodings = 0;
			knownRegions = (
				en,
				Base,
			);
			mainGroup = 63AABF1E273EF2C3000789E0;
			packageReferences = (
				63AABF64273F0A19000789E0 /* XCRemoteSwiftPackageReference "SDWebImageSwiftUI" */,
			);
			productRefGroup = 63AABF28273EF2C4000789E0 /* Products */;
			projectDirPath = "";
			projectRoot = "";
			targets = (
				63AABF26273EF2C4000789E0 /* MovieDB */,
				63AABF3B273EF2C6000789E0 /* MovieDBTests */,
				63AABF45273EF2C6000789E0 /* MovieDBUITests */,
			);
		};
/* End PBXProject section */

/* Begin PBXResourcesBuildPhase section */
		63AABF25273EF2C4000789E0 /* Resources */ = {
			isa = PBXResourcesBuildPhase;
			buildActionMask = 2147483647;
			files = (
				63AABF32273EF2C5000789E0 /* Preview Assets.xcassets in Resources */,
				63AABF2F273EF2C5000789E0 /* Assets.xcassets in Resources */,
			);
			runOnlyForDeploymentPostprocessing = 0;
		};
		63AABF3A273EF2C6000789E0 /* Resources */ = {
			isa = PBXResourcesBuildPhase;
			buildActionMask = 2147483647;
			files = (
			);
			runOnlyForDeploymentPostprocessing = 0;
		};
		63AABF44273EF2C6000789E0 /* Resources */ = {
			isa = PBXResourcesBuildPhase;
			buildActionMask = 2147483647;
			files = (
			);
			runOnlyForDeploymentPostprocessing = 0;
		};
/* End PBXResourcesBuildPhase section */

/* Begin PBXSourcesBuildPhase section */
		63AABF23273EF2C4000789E0 /* Sources */ = {
			isa = PBXSourcesBuildPhase;
			buildActionMask = 2147483647;
			files = (
				63AABF34273EF2C5000789E0 /* Persistence.swift in Sources */,
				63AABF63273F075A000789E0 /* MovieItem.swift in Sources */,
				63C8C2972740B1C7009BC9A0 /* ListMovie.swift in Sources */,
				63C8C29D27415297009BC9A0 /* MovieDetail.swift in Sources */,
				63AABF61273F0439000789E0 /* HomeView.swift in Sources */,
				63AABF5F273EFA90000789E0 /* model.swift in Sources */,
				63C8C2992740B857009BC9A0 /* ListItemMovie.swift in Sources */,
				63AABF68273F1353000789E0 /* MoviewRow.swift in Sources */,
				63AABF2D273EF2C4000789E0 /* ContentView.swift in Sources */,
				63AABF37273EF2C5000789E0 /* MovieDB.xcdatamodeld in Sources */,
				63AABF5D273EF59B000789E0 /* viewModel.swift in Sources */,
				63AABF2B273EF2C4000789E0 /* MovieDBApp.swift in Sources */,
			);
			runOnlyForDeploymentPostprocessing = 0;
		};
		63AABF38273EF2C6000789E0 /* Sources */ = {
			isa = PBXSourcesBuildPhase;
			buildActionMask = 2147483647;
			files = (
				63AABF41273EF2C6000789E0 /* MovieDBTests.swift in Sources */,
			);
			runOnlyForDeploymentPostprocessing = 0;
		};
		63AABF42273EF2C6000789E0 /* Sources */ = {
			isa = PBXSourcesBuildPhase;
			buildActionMask = 2147483647;
			files = (
				63AABF4B273EF2C6000789E0 /* MovieDBUITests.swift in Sources */,
				63AABF4D273EF2C6000789E0 /* MovieDBUITestsLaunchTests.swift in Sources */,
			);
			runOnlyForDeploymentPostprocessing = 0;
		};
/* End PBXSourcesBuildPhase section */

/* Begin PBXTargetDependency section */
		63AABF3E273EF2C6000789E0 /* PBXTargetDependency */ = {
			isa = PBXTargetDependency;
			target = 63AABF26273EF2C4000789E0 /* MovieDB */;
			targetProxy = 63AABF3D273EF2C6000789E0 /* PBXContainerItemProxy */;
		};
		63AABF48273EF2C6000789E0 /* PBXTargetDependency */ = {
			isa = PBXTargetDependency;
			target = 63AABF26273EF2C4000789E0 /* MovieDB */;
			targetProxy = 63AABF47273EF2C6000789E0 /* PBXContainerItemProxy */;
		};
/* End PBXTargetDependency section */

/* Begin XCBuildConfiguration section */
		63AABF4E273EF2C6000789E0 /* Debug */ = {
			isa = XCBuildConfiguration;
			buildSettings = {
				ALWAYS_SEARCH_USER_PATHS = NO;
				CLANG_ANALYZER_NONNULL = YES;
				CLANG_ANALYZER_NUMBER_OBJECT_CONVERSION = YES_AGGRESSIVE;
				CLANG_CXX_LANGUAGE_STANDARD = "gnu++17";
				CLANG_CXX_LIBRARY = "libc++";
				CLANG_ENABLE_MODULES = YES;
				CLANG_ENABLE_OBJC_ARC = YES;
				CLANG_ENABLE_OBJC_WEAK = YES;
				CLANG_WARN_BLOCK_CAPTURE_AUTORELEASING = YES;
				CLANG_WARN_BOOL_CONVERSION = YES;
				CLANG_WARN_COMMA = YES;
				CLANG_WARN_CONSTANT_CONVERSION = YES;
				CLANG_WARN_DEPRECATED_OBJC_IMPLEMENTATIONS = YES;
				CLANG_WARN_DIRECT_OBJC_ISA_USAGE = YES_ERROR;
				CLANG_WARN_DOCUMENTATION_COMMENTS = YES;
				CLANG_WARN_EMPTY_BODY = YES;
				CLANG_WARN_ENUM_CONVERSION = YES;
				CLANG_WARN_INFINITE_RECURSION = YES;
				CLANG_WARN_INT_CONVERSION = YES;
				CLANG_WARN_NON_LITERAL_NULL_CONVERSION = YES;
				CLANG_WARN_OBJC_IMPLICIT_RETAIN_SELF = YES;
				CLANG_WARN_OBJC_LITERAL_CONVERSION = YES;
				CLANG_WARN_OBJC_ROOT_CLASS = YES_ERROR;
				CLANG_WARN_QUOTED_INCLUDE_IN_FRAMEWORK_HEADER = YES;
				CLANG_WARN_RANGE_LOOP_ANALYSIS = YES;
				CLANG_WARN_STRICT_PROTOTYPES = YES;
				CLANG_WARN_SUSPICIOUS_MOVE = YES;
				CLANG_WARN_UNGUARDED_AVAILABILITY = YES_AGGRESSIVE;
				CLANG_WARN_UNREACHABLE_CODE = YES;
				CLANG_WARN__DUPLICATE_METHOD_MATCH = YES;
				COPY_PHASE_STRIP = NO;
				DEBUG_INFORMATION_FORMAT = dwarf;
				ENABLE_STRICT_OBJC_MSGSEND = YES;
				ENABLE_TESTABILITY = YES;
				GCC_C_LANGUAGE_STANDARD = gnu11;
				GCC_DYNAMIC_NO_PIC = NO;
				GCC_NO_COMMON_BLOCKS = YES;
				GCC_OPTIMIZATION_LEVEL = 0;
				GCC_PREPROCESSOR_DEFINITIONS = (
					"DEBUG=1",
					"$(inherited)",
				);
				GCC_WARN_64_TO_32_BIT_CONVERSION = YES;
				GCC_WARN_ABOUT_RETURN_TYPE = YES_ERROR;
				GCC_WARN_UNDECLARED_SELECTOR = YES;
				GCC_WARN_UNINITIALIZED_AUTOS = YES_AGGRESSIVE;
				GCC_WARN_UNUSED_FUNCTION = YES;
				GCC_WARN_UNUSED_VARIABLE = YES;
				IPHONEOS_DEPLOYMENT_TARGET = 15.0;
				MTL_ENABLE_DEBUG_INFO = INCLUDE_SOURCE;
				MTL_FAST_MATH = YES;
				ONLY_ACTIVE_ARCH = YES;
				SDKROOT = iphoneos;
				SWIFT_ACTIVE_COMPILATION_CONDITIONS = DEBUG;
				SWIFT_OPTIMIZATION_LEVEL = "-Onone";
			};
			name = Debug;
		};
		63AABF4F273EF2C6000789E0 /* Release */ = {
			isa = XCBuildConfiguration;
			buildSettings = {
				ALWAYS_SEARCH_USER_PATHS = NO;
				CLANG_ANALYZER_NONNULL = YES;
				CLANG_ANALYZER_NUMBER_OBJECT_CONVERSION = YES_AGGRESSIVE;
				CLANG_CXX_LANGUAGE_STANDARD = "gnu++17";
				CLANG_CXX_LIBRARY = "libc++";
				CLANG_ENABLE_MODULES = YES;
				CLANG_ENABLE_OBJC_ARC = YES;
				CLANG_ENABLE_OBJC_WEAK = YES;
				CLANG_WARN_BLOCK_CAPTURE_AUTORELEASING = YES;
				CLANG_WARN_BOOL_CONVERSION = YES;
				CLANG_WARN_COMMA = YES;
				CLANG_WARN_CONSTANT_CONVERSION = YES;
				CLANG_WARN_DEPRECATED_OBJC_IMPLEMENTATIONS = YES;
				CLANG_WARN_DIRECT_OBJC_ISA_USAGE = YES_ERROR;
				CLANG_WARN_DOCUMENTATION_COMMENTS = YES;
				CLANG_WARN_EMPTY_BODY = YES;
				CLANG_WARN_ENUM_CONVERSION = YES;
				CLANG_WARN_INFINITE_RECURSION = YES;
				CLANG_WARN_INT_CONVERSION = YES;
				CLANG_WARN_NON_LITERAL_NULL_CONVERSION = YES;
				CLANG_WARN_OBJC_IMPLICIT_RETAIN_SELF = YES;
				CLANG_WARN_OBJC_LITERAL_CONVERSION = YES;
				CLANG_WARN_OBJC_ROOT_CLASS = YES_ERROR;
				CLANG_WARN_QUOTED_INCLUDE_IN_FRAMEWORK_HEADER = YES;
				CLANG_WARN_RANGE_LOOP_ANALYSIS = YES;
				CLANG_WARN_STRICT_PROTOTYPES = YES;
				CLANG_WARN_SUSPICIOUS_MOVE = YES;
				CLANG_WARN_UNGUARDED_AVAILABILITY = YES_AGGRESSIVE;
				CLANG_WARN_UNREACHABLE_CODE = YES;
				CLANG_WARN__DUPLICATE_METHOD_MATCH = YES;
				COPY_PHASE_STRIP = NO;
				DEBUG_INFORMATION_FORMAT = "dwarf-with-dsym";
				ENABLE_NS_ASSERTIONS = NO;
				ENABLE_STRICT_OBJC_MSGSEND = YES;
				GCC_C_LANGUAGE_STANDARD = gnu11;
				GCC_NO_COMMON_BLOCKS = YES;
				GCC_WARN_64_TO_32_BIT_CONVERSION = YES;
				GCC_WARN_ABOUT_RETURN_TYPE = YES_ERROR;
				GCC_WARN_UNDECLARED_SELECTOR = YES;
				GCC_WARN_UNINITIALIZED_AUTOS = YES_AGGRESSIVE;
				GCC_WARN_UNUSED_FUNCTION = YES;
				GCC_WARN_UNUSED_VARIABLE = YES;
				IPHONEOS_DEPLOYMENT_TARGET = 15.0;
				MTL_ENABLE_DEBUG_INFO = NO;
				MTL_FAST_MATH = YES;
				SDKROOT = iphoneos;
				SWIFT_COMPILATION_MODE = wholemodule;
				SWIFT_OPTIMIZATION_LEVEL = "-O";
				VALIDATE_PRODUCT = YES;
			};
			name = Release;
		};
		63AABF51273EF2C6000789E0 /* Debug */ = {
			isa = XCBuildConfiguration;
			buildSettings = {
				ASSETCATALOG_COMPILER_APPICON_NAME = AppIcon;
				ASSETCATALOG_COMPILER_GLOBAL_ACCENT_COLOR_NAME = AccentColor;
				CODE_SIGN_STYLE = Automatic;
				CURRENT_PROJECT_VERSION = 1;
				DEVELOPMENT_ASSET_PATHS = "\"MovieDB/Preview Content\"";
				DEVELOPMENT_TEAM = 27XRUKL844;
				ENABLE_PREVIEWS = YES;
				GENERATE_INFOPLIST_FILE = YES;
				INFOPLIST_KEY_UIApplicationSceneManifest_Generation = YES;
				INFOPLIST_KEY_UIApplicationSupportsIndirectInputEvents = YES;
				INFOPLIST_KEY_UILaunchScreen_Generation = YES;
				INFOPLIST_KEY_UISupportedInterfaceOrientations_iPad = "UIInterfaceOrientationPortrait UIInterfaceOrientationPortraitUpsideDown UIInterfaceOrientationLandscapeLeft UIInterfaceOrientationLandscapeRight";
				INFOPLIST_KEY_UISupportedInterfaceOrientations_iPhone = "UIInterfaceOrientationPortrait UIInterfaceOrientationLandscapeLeft UIInterfaceOrientationLandscapeRight";
				IPHONEOS_DEPLOYMENT_TARGET = 15.0;
				LD_RUNPATH_SEARCH_PATHS = (
					"$(inherited)",
					"@executable_path/Frameworks",
				);
				MARKETING_VERSION = 1.0;
				PRODUCT_BUNDLE_IDENTIFIER = com.appdev.MovieDB;
				PRODUCT_NAME = "$(TARGET_NAME)";
				SWIFT_EMIT_LOC_STRINGS = YES;
				SWIFT_VERSION = 5.0;
				TARGETED_DEVICE_FAMILY = "1,2";
			};
			name = Debug;
		};
		63AABF52273EF2C6000789E0 /* Release */ = {
			isa = XCBuildConfiguration;
			buildSettings = {
				ASSETCATALOG_COMPILER_APPICON_NAME = AppIcon;
				ASSETCATALOG_COMPILER_GLOBAL_ACCENT_COLOR_NAME = AccentColor;
				CODE_SIGN_STYLE = Automatic;
				CURRENT_PROJECT_VERSION = 1;
				DEVELOPMENT_ASSET_PATHS = "\"MovieDB/Preview Content\"";
				DEVELOPMENT_TEAM = 27XRUKL844;
				ENABLE_PREVIEWS = YES;
				GENERATE_INFOPLIST_FILE = YES;
				INFOPLIST_KEY_UIApplicationSceneManifest_Generation = YES;
				INFOPLIST_KEY_UIApplicationSupportsIndirectInputEvents = YES;
				INFOPLIST_KEY_UILaunchScreen_Generation = YES;
				INFOPLIST_KEY_UISupportedInterfaceOrientations_iPad = "UIInterfaceOrientationPortrait UIInterfaceOrientationPortraitUpsideDown UIInterfaceOrientationLandscapeLeft UIInterfaceOrientationLandscapeRight";
				INFOPLIST_KEY_UISupportedInterfaceOrientations_iPhone = "UIInterfaceOrientationPortrait UIInterfaceOrientationLandscapeLeft UIInterfaceOrientationLandscapeRight";
				IPHONEOS_DEPLOYMENT_TARGET = 15.0;
				LD_RUNPATH_SEARCH_PATHS = (
					"$(inherited)",
					"@executable_path/Frameworks",
				);
				MARKETING_VERSION = 1.0;
				PRODUCT_BUNDLE_IDENTIFIER = com.appdev.MovieDB;
				PRODUCT_NAME = "$(TARGET_NAME)";
				SWIFT_EMIT_LOC_STRINGS = YES;
				SWIFT_VERSION = 5.0;
				TARGETED_DEVICE_FAMILY = "1,2";
			};
			name = Release;
		};
		63AABF54273EF2C6000789E0 /* Debug */ = {
			isa = XCBuildConfiguration;
			buildSettings = {
				ALWAYS_EMBED_SWIFT_STANDARD_LIBRARIES = YES;
				BUNDLE_LOADER = "$(TEST_HOST)";
				CODE_SIGN_STYLE = Automatic;
				CURRENT_PROJECT_VERSION = 1;
				DEVELOPMENT_TEAM = 27XRUKL844;
				GENERATE_INFOPLIST_FILE = YES;
				IPHONEOS_DEPLOYMENT_TARGET = 15.0;
				LD_RUNPATH_SEARCH_PATHS = (
					"$(inherited)",
					"@executable_path/Frameworks",
					"@loader_path/Frameworks",
				);
				MARKETING_VERSION = 1.0;
				PRODUCT_BUNDLE_IDENTIFIER = com.appdev.MovieDBTests;
				PRODUCT_NAME = "$(TARGET_NAME)";
				SWIFT_EMIT_LOC_STRINGS = NO;
				SWIFT_VERSION = 5.0;
				TARGETED_DEVICE_FAMILY = "1,2";
				TEST_HOST = "$(BUILT_PRODUCTS_DIR)/MovieDB.app/MovieDB";
			};
			name = Debug;
		};
		63AABF55273EF2C6000789E0 /* Release */ = {
			isa = XCBuildConfiguration;
			buildSettings = {
				ALWAYS_EMBED_SWIFT_STANDARD_LIBRARIES = YES;
				BUNDLE_LOADER = "$(TEST_HOST)";
				CODE_SIGN_STYLE = Automatic;
				CURRENT_PROJECT_VERSION = 1;
				DEVELOPMENT_TEAM = 27XRUKL844;
				GENERATE_INFOPLIST_FILE = YES;
				IPHONEOS_DEPLOYMENT_TARGET = 15.0;
				LD_RUNPATH_SEARCH_PATHS = (
					"$(inherited)",
					"@executable_path/Frameworks",
					"@loader_path/Frameworks",
				);
				MARKETING_VERSION = 1.0;
				PRODUCT_BUNDLE_IDENTIFIER = com.appdev.MovieDBTests;
				PRODUCT_NAME = "$(TARGET_NAME)";
				SWIFT_EMIT_LOC_STRINGS = NO;
				SWIFT_VERSION = 5.0;
				TARGETED_DEVICE_FAMILY = "1,2";
				TEST_HOST = "$(BUILT_PRODUCTS_DIR)/MovieDB.app/MovieDB";
			};
			name = Release;
		};
		63AABF57273EF2C6000789E0 /* Debug */ = {
			isa = XCBuildConfiguration;
			buildSettings = {
				ALWAYS_EMBED_SWIFT_STANDARD_LIBRARIES = YES;
				CODE_SIGN_STYLE = Automatic;
				CURRENT_PROJECT_VERSION = 1;
				DEVELOPMENT_TEAM = 27XRUKL844;
				GENERATE_INFOPLIST_FILE = YES;
				LD_RUNPATH_SEARCH_PATHS = (
					"$(inherited)",
					"@executable_path/Frameworks",
					"@loader_path/Frameworks",
				);
				MARKETING_VERSION = 1.0;
				PRODUCT_BUNDLE_IDENTIFIER = com.appdev.MovieDBUITests;
				PRODUCT_NAME = "$(TARGET_NAME)";
				SWIFT_EMIT_LOC_STRINGS = NO;
				SWIFT_VERSION = 5.0;
				TARGETED_DEVICE_FAMILY = "1,2";
				TEST_TARGET_NAME = MovieDB;
			};
			name = Debug;
		};
		63AABF58273EF2C6000789E0 /* Release */ = {
			isa = XCBuildConfiguration;
			buildSettings = {
				ALWAYS_EMBED_SWIFT_STANDARD_LIBRARIES = YES;
				CODE_SIGN_STYLE = Automatic;
				CURRENT_PROJECT_VERSION = 1;
				DEVELOPMENT_TEAM = 27XRUKL844;
				GENERATE_INFOPLIST_FILE = YES;
				LD_RUNPATH_SEARCH_PATHS = (
					"$(inherited)",
					"@executable_path/Frameworks",
					"@loader_path/Frameworks",
				);
				MARKETING_VERSION = 1.0;
				PRODUCT_BUNDLE_IDENTIFIER = com.appdev.MovieDBUITests;
				PRODUCT_NAME = "$(TARGET_NAME)";
				SWIFT_EMIT_LOC_STRINGS = NO;
				SWIFT_VERSION = 5.0;
				TARGETED_DEVICE_FAMILY = "1,2";
				TEST_TARGET_NAME = MovieDB;
			};
			name = Release;
		};
/* End XCBuildConfiguration section */

/* Begin XCConfigurationList section */
		63AABF22273EF2C3000789E0 /* Build configuration list for PBXProject "MovieDB" */ = {
			isa = XCConfigurationList;
			buildConfigurations = (
				63AABF4E273EF2C6000789E0 /* Debug */,
				63AABF4F273EF2C6000789E0 /* Release */,
			);
			defaultConfigurationIsVisible = 0;
			defaultConfigurationName = Release;
		};
		63AABF50273EF2C6000789E0 /* Build configuration list for PBXNativeTarget "MovieDB" */ = {
			isa = XCConfigurationList;
			buildConfigurations = (
				63AABF51273EF2C6000789E0 /* Debug */,
				63AABF52273EF2C6000789E0 /* Release */,
			);
			defaultConfigurationIsVisible = 0;
			defaultConfigurationName = Release;
		};
		63AABF53273EF2C6000789E0 /* Build configuration list for PBXNativeTarget "MovieDBTests" */ = {
			isa = XCConfigurationList;
			buildConfigurations = (
				63AABF54273EF2C6000789E0 /* Debug */,
				63AABF55273EF2C6000789E0 /* Release */,
			);
			defaultConfigurationIsVisible = 0;
			defaultConfigurationName = Release;
		};
		63AABF56273EF2C6000789E0 /* Build configuration list for PBXNativeTarget "MovieDBUITests" */ = {
			isa = XCConfigurationList;
			buildConfigurations = (
				63AABF57273EF2C6000789E0 /* Debug */,
				63AABF58273EF2C6000789E0 /* Release */,
			);
			defaultConfigurationIsVisible = 0;
			defaultConfigurationName = Release;
		};
/* End XCConfigurationList section */

/* Begin XCRemoteSwiftPackageReference section */
		63AABF64273F0A19000789E0 /* XCRemoteSwiftPackageReference "SDWebImageSwiftUI" */ = {
			isa = XCRemoteSwiftPackageReference;
			repositoryURL = "https://github.com/SDWebImage/SDWebImageSwiftUI.git";
			requirement = {
				kind = upToNextMajorVersion;
				minimumVersion = 2.0.0;
			};
		};
/* End XCRemoteSwiftPackageReference section */

/* Begin XCSwiftPackageProductDependency section */
		63AABF65273F0A19000789E0 /* SDWebImageSwiftUI */ = {
			isa = XCSwiftPackageProductDependency;
			package = 63AABF64273F0A19000789E0 /* XCRemoteSwiftPackageReference "SDWebImageSwiftUI" */;
			productName = SDWebImageSwiftUI;
		};
/* End XCSwiftPackageProductDependency section */

/* Begin XCVersionGroup section */
		63AABF35273EF2C5000789E0 /* MovieDB.xcdatamodeld */ = {
			isa = XCVersionGroup;
			children = (
				63AABF36273EF2C5000789E0 /* MovieDB.xcdatamodel */,
			);
			currentVersion = 63AABF36273EF2C5000789E0 /* MovieDB.xcdatamodel */;
			path = MovieDB.xcdatamodeld;
			sourceTree = "<group>";
			versionGroupType = wrapper.xcdatamodel;
		};
/* End XCVersionGroup section */
	};
	rootObject = 63AABF1F273EF2C3000789E0 /* Project object */;
}
